
Microsoft Visual Studio Solution File, Format Version 12.00
# Visual Studio Version 17
VisualStudioVersion = 17.3.32929.385
MinimumVisualStudioVersion = 10.0.40219.1
Project("{FAE04EC0-301F-11D3-BF4B-00C04F79EFBC}") = "Rusu_Iuliana_Lab2", "Rusu_Iuliana_Lab2.csproj", "{91F20C3F-B339-4A33-BE24-228ACE3DDA8B}"
EndProject
Global
	GlobalSection(SolutionConfigurationPlatforms) = preSolution
		Debug|Any CPU = Debug|Any CPU
		Release|Any CPU = Release|Any CPU
	EndGlobalSection
	GlobalSection(ProjectConfigurationPlatforms) = postSolution
		{91F20C3F-B339-4A33-BE24-228ACE3DDA8B}.Debug|Any CPU.ActiveCfg = Debug|Any CPU
		{91F20C3F-B339-4A33-BE24-228ACE3DDA8B}.Debug|Any CPU.Build.0 = Debug|Any CPU
		{91F20C3F-B339-4A33-BE24-228ACE3DDA8B}.Release|Any CPU.ActiveCfg = Release|Any CPU
		{91F20C3F-B339-4A33-BE24-228ACE3DDA8B}.Release|Any CPU.Build.0 = Release|Any CPU
	EndGlobalSection
	GlobalSection(SolutionProperties) = preSolution
		HideSolutionNode = FALSE
	EndGlobalSection
	GlobalSection(ExtensibilityGlobals) = postSolution
		SolutionGuid = {116A79F8-60F4-4108-8D81-DB81C509A8C0}
	EndGlobalSection
EndGlobal
